github.com/kettek/apng v0.0.0-20220823221153-ff692776a607 h1:8tP9cdXzcGX2AvweVVG/lxbI7BSjWbNNUustwJ9dQVA=
github.com/kettek/apng v0.0.0-20220823221153-ff692776a607/go.mod h1:x78/VRQYKuCftMWS0uK5e+F5RJ7S4gSlESRWI0Prl6Q=
github.com/nfnt/resize v0.0.0-20180221191011-83c6a9932646 h1:zYyBkD/k9seD2A7fsi6Oo2LfFZAehjjQMERAvZLEDnQ=
github.com/nfnt/resize v0.0.0-20180221191011-83c6a9932646/go.mod h1:jpp1/29i3P1S/RLdc7JQKbRpFeM1dOBd8T9ki5s+AY8=
